
Microsoft Visual Studio Solution File, Format Version 12.00
# Visual Studio Version 16
VisualStudioVersion = 16.0.810.21
MinimumVisualStudioVersion = 10.0.40219.1
Project("{FAE04EC0-301F-11D3-BF4B-00C04F79EFBC}") = "HangmanCon", "HangmanCon.csproj", "{D3F9E052-36E1-4475-BFA0-E49377D70CB9}"
EndProject
Global
	GlobalSection(SolutionConfigurationPlatforms) = preSolution
		Debug|Any CPU = Debug|Any CPU
		Release|Any CPU = Release|Any CPU
	EndGlobalSection
	GlobalSection(ProjectConfigurationPlatforms) = postSolution
		{D3F9E052-36E1-4475-BFA0-E49377D70CB9}.Debug|Any CPU.ActiveCfg = Debug|Any CPU
		{D3F9E052-36E1-4475-BFA0-E49377D70CB9}.Debug|Any CPU.Build.0 = Debug|Any CPU
		{D3F9E052-36E1-4475-BFA0-E49377D70CB9}.Release|Any CPU.ActiveCfg = Release|Any CPU
		{D3F9E052-36E1-4475-BFA0-E49377D70CB9}.Release|Any CPU.Build.0 = Release|Any CPU
	EndGlobalSection
	GlobalSection(SolutionProperties) = preSolution
		HideSolutionNode = FALSE
	EndGlobalSection
	GlobalSection(ExtensibilityGlobals) = postSolution
		SolutionGuid = {D9A96FE5-8C37-4B16-9E69-3C518DF112AF}
	EndGlobalSection
EndGlobal
